
Microsoft Visual Studio Solution File, Format Version 12.00
# Visual Studio Version 16
VisualStudioVersion = 16.0.29123.88
MinimumVisualStudioVersion = 10.0.40219.1
Project("{8BC9CEB8-8B4A-11D0-8D11-00A0C91BC942}") = "FindHTTPMessageInTCPStream", "FindHTTPMessageInTCPStream.vcxproj", "{5E9997C9-AB14-46B1-92AD-25B21DEDC09C}"
EndProject
Global
	GlobalSection(SolutionConfigurationPlatforms) = preSolution
		Debug|x64 = Debug|x64
		Debug|x86 = Debug|x86
		Release|x64 = Release|x64
		Release|x86 = Release|x86
	EndGlobalSection
	GlobalSection(ProjectConfigurationPlatforms) = postSolution
		{5E9997C9-AB14-46B1-92AD-25B21DEDC09C}.Debug|x64.ActiveCfg = Debug|x64
		{5E9997C9-AB14-46B1-92AD-25B21DEDC09C}.Debug|x64.Build.0 = Debug|x64
		{5E9997C9-AB14-46B1-92AD-25B21DEDC09C}.Debug|x86.ActiveCfg = Debug|Win32
		{5E9997C9-AB14-46B1-92AD-25B21DEDC09C}.Debug|x86.Build.0 = Debug|Win32
		{5E9997C9-AB14-46B1-92AD-25B21DEDC09C}.Release|x64.ActiveCfg = Release|x64
		{5E9997C9-AB14-46B1-92AD-25B21DEDC09C}.Release|x64.Build.0 = Release|x64
		{5E9997C9-AB14-46B1-92AD-25B21DEDC09C}.Release|x86.ActiveCfg = Release|Win32
		{5E9997C9-AB14-46B1-92AD-25B21DEDC09C}.Release|x86.Build.0 = Release|Win32
	EndGlobalSection
	GlobalSection(SolutionProperties) = preSolution
		HideSolutionNode = FALSE
	EndGlobalSection
	GlobalSection(ExtensibilityGlobals) = postSolution
		SolutionGuid = {2298986F-7B99-457C-A957-F62F883A4FE8}
	EndGlobalSection
EndGlobal
